
Microsoft Visual Studio Solution File, Format Version 11.00
# Visual Studio 2010
Project("{FAE04EC0-301F-11D3-BF4B-00C04F79EFBC}") = "Assembly-CSharp", "Assembly-CSharp.csproj", "{fa99bc96-a66a-18b4-3560-8f278ca86117}"
EndProject
Project("{FAE04EC0-301F-11D3-BF4B-00C04F79EFBC}") = "com.saladgamer.volumetriclightbeam", "com.saladgamer.volumetriclightbeam.csproj", "{7cc403c7-0167-6809-317f-e3672acd1913}"
EndProject
Project("{FAE04EC0-301F-11D3-BF4B-00C04F79EFBC}") = "Assembly-CSharp-Editor", "Assembly-CSharp-Editor.csproj", "{8ebd9522-1b14-5a73-d9d9-dd862083420f}"
EndProject
Global
	GlobalSection(SolutionConfigurationPlatforms) = preSolution
		Debug|Any CPU = Debug|Any CPU
		Release|Any CPU = Release|Any CPU
	EndGlobalSection
	GlobalSection(ProjectConfigurationPlatforms) = postSolution
		{fa99bc96-a66a-18b4-3560-8f278ca86117}.Debug|Any CPU.ActiveCfg = Debug|Any CPU
		{fa99bc96-a66a-18b4-3560-8f278ca86117}.Debug|Any CPU.Build.0 = Debug|Any CPU
		{fa99bc96-a66a-18b4-3560-8f278ca86117}.Release|Any CPU.ActiveCfg = Release|Any CPU
		{fa99bc96-a66a-18b4-3560-8f278ca86117}.Release|Any CPU.Build.0 = Release|Any CPU
		{7cc403c7-0167-6809-317f-e3672acd1913}.Debug|Any CPU.ActiveCfg = Debug|Any CPU
		{7cc403c7-0167-6809-317f-e3672acd1913}.Debug|Any CPU.Build.0 = Debug|Any CPU
		{7cc403c7-0167-6809-317f-e3672acd1913}.Release|Any CPU.ActiveCfg = Release|Any CPU
		{7cc403c7-0167-6809-317f-e3672acd1913}.Release|Any CPU.Build.0 = Release|Any CPU
		{8ebd9522-1b14-5a73-d9d9-dd862083420f}.Debug|Any CPU.ActiveCfg = Debug|Any CPU
		{8ebd9522-1b14-5a73-d9d9-dd862083420f}.Debug|Any CPU.Build.0 = Debug|Any CPU
		{8ebd9522-1b14-5a73-d9d9-dd862083420f}.Release|Any CPU.ActiveCfg = Release|Any CPU
		{8ebd9522-1b14-5a73-d9d9-dd862083420f}.Release|Any CPU.Build.0 = Release|Any CPU
	EndGlobalSection
	GlobalSection(SolutionProperties) = preSolution
		HideSolutionNode = FALSE
	EndGlobalSection
EndGlobal
