
Microsoft Visual Studio Solution File, Format Version 12.00
# Visual Studio 15
Project("{FAE04EC0-301F-11D3-BF4B-00C04F79EFBC}") = "Assembly-CSharp", "Assembly-CSharp.csproj", "{96BC99FA-6AA6-B418-3560-8F278CA86117}"
EndProject
Project("{FAE04EC0-301F-11D3-BF4B-00C04F79EFBC}") = "Assembly-CSharp-firstpass", "Assembly-CSharp-firstpass.csproj", "{22CD8E91-0507-9637-61CE-4BF594187FB6}"
EndProject
Project("{FAE04EC0-301F-11D3-BF4B-00C04F79EFBC}") = "Assembly-CSharp-Editor", "Assembly-CSharp-Editor.csproj", "{2295BD8E-141B-735A-D9D9-DD862083420F}"
EndProject
Project("{2150E333-8FDC-42A3-9474-1A3956D46DE8}") = "솔루션 항목", "솔루션 항목", "{D3E69F8B-A2FF-4359-AC21-DE209AA93C98}"
	ProjectSection(SolutionItems) = preProject
		.editorconfig = .editorconfig
	EndProjectSection
EndProject
Global
	GlobalSection(SolutionConfigurationPlatforms) = preSolution
		Debug|Any CPU = Debug|Any CPU
		Release|Any CPU = Release|Any CPU
	EndGlobalSection
	GlobalSection(ProjectConfigurationPlatforms) = postSolution
		{96BC99FA-6AA6-B418-3560-8F278CA86117}.Debug|Any CPU.ActiveCfg = Debug|Any CPU
		{96BC99FA-6AA6-B418-3560-8F278CA86117}.Debug|Any CPU.Build.0 = Debug|Any CPU
		{96BC99FA-6AA6-B418-3560-8F278CA86117}.Release|Any CPU.ActiveCfg = Release|Any CPU
		{96BC99FA-6AA6-B418-3560-8F278CA86117}.Release|Any CPU.Build.0 = Release|Any CPU
		{22CD8E91-0507-9637-61CE-4BF594187FB6}.Debug|Any CPU.ActiveCfg = Debug|Any CPU
		{22CD8E91-0507-9637-61CE-4BF594187FB6}.Debug|Any CPU.Build.0 = Debug|Any CPU
		{22CD8E91-0507-9637-61CE-4BF594187FB6}.Release|Any CPU.ActiveCfg = Release|Any CPU
		{22CD8E91-0507-9637-61CE-4BF594187FB6}.Release|Any CPU.Build.0 = Release|Any CPU
		{2295BD8E-141B-735A-D9D9-DD862083420F}.Debug|Any CPU.ActiveCfg = Debug|Any CPU
		{2295BD8E-141B-735A-D9D9-DD862083420F}.Debug|Any CPU.Build.0 = Debug|Any CPU
		{2295BD8E-141B-735A-D9D9-DD862083420F}.Release|Any CPU.ActiveCfg = Release|Any CPU
		{2295BD8E-141B-735A-D9D9-DD862083420F}.Release|Any CPU.Build.0 = Release|Any CPU
	EndGlobalSection
	GlobalSection(SolutionProperties) = preSolution
		HideSolutionNode = FALSE
	EndGlobalSection
EndGlobal
